
Microsoft Visual Studio Solution File, Format Version 12.00
# Visual Studio Version 16
VisualStudioVersion = 16.0.31911.196
MinimumVisualStudioVersion = 10.0.40219.1
Project("{FAE04EC0-301F-11D3-BF4B-00C04F79EFBC}") = "Amazoom", "Amazoom\Amazoom.csproj", "{6D17A2E5-6EBC-451E-A991-64D440D8FE66}"
EndProject
Global
	GlobalSection(SolutionConfigurationPlatforms) = preSolution
		Debug|Any CPU = Debug|Any CPU
		Release|Any CPU = Release|Any CPU
	EndGlobalSection
	GlobalSection(ProjectConfigurationPlatforms) = postSolution
		{6D17A2E5-6EBC-451E-A991-64D440D8FE66}.Debug|Any CPU.ActiveCfg = Debug|Any CPU
		{6D17A2E5-6EBC-451E-A991-64D440D8FE66}.Debug|Any CPU.Build.0 = Debug|Any CPU
		{6D17A2E5-6EBC-451E-A991-64D440D8FE66}.Release|Any CPU.ActiveCfg = Release|Any CPU
		{6D17A2E5-6EBC-451E-A991-64D440D8FE66}.Release|Any CPU.Build.0 = Release|Any CPU
	EndGlobalSection
	GlobalSection(SolutionProperties) = preSolution
		HideSolutionNode = FALSE
	EndGlobalSection
	GlobalSection(ExtensibilityGlobals) = postSolution
		SolutionGuid = {11BF4ABF-4EA2-43CA-BEC5-E07F528C5F82}
	EndGlobalSection
EndGlobal
